// !$*UTF8*$!
{
	archiveVersion = 1;
	classes = {
	};
	objectVersion = 46;
	objects = {

/* Begin PBXBuildFile section */
		789034651A6DE20E00FEDB5A /* main.m in Sources */ = {isa = PBXBuildFile; fileRef = 789034641A6DE20E00FEDB5A /* main.m */; };
		789034681A6DE20E00FEDB5A /* AppDelegate.m in Sources */ = {isa = PBXBuildFile; fileRef = 789034671A6DE20E00FEDB5A /* AppDelegate.m */; };
		7890346E1A6DE20E00FEDB5A /* Main.storyboard in Resources */ = {isa = PBXBuildFile; fileRef = 7890346C1A6DE20E00FEDB5A /* Main.storyboard */; };
		789034701A6DE20E00FEDB5A /* Images.xcassets in Resources */ = {isa = PBXBuildFile; fileRef = 7890346F1A6DE20E00FEDB5A /* Images.xcassets */; };
		789034731A6DE20E00FEDB5A /* LaunchScreen.xib in Resources */ = {isa = PBXBuildFile; fileRef = 789034711A6DE20E00FEDB5A /* LaunchScreen.xib */; };
		7890347F1A6DE20E00FEDB5A /* tipCalculatorTests.m in Sources */ = {isa = PBXBuildFile; fileRef = 7890347E1A6DE20E00FEDB5A /* tipCalculatorTests.m */; };
		7890348E1A6E069700FEDB5A /* TipViewController.m in Sources */ = {isa = PBXBuildFile; fileRef = 7890348C1A6E069700FEDB5A /* TipViewController.m */; };
		7890348F1A6E069700FEDB5A /* TipViewController.xib in Resources */ = {isa = PBXBuildFile; fileRef = 7890348D1A6E069700FEDB5A /* TipViewController.xib */; };
		78E08E091A71B78700E48144 /* SettingsViewController.m in Sources */ = {isa = PBXBuildFile; fileRef = 78E08E071A71B78700E48144 /* SettingsViewController.m */; };
		78E08E0A1A71B78700E48144 /* SettingsViewController.xib in Resources */ = {isa = PBXBuildFile; fileRef = 78E08E081A71B78700E48144 /* SettingsViewController.xib */; };
/* End PBXBuildFile section */

/* Begin PBXContainerItemProxy section */
		789034791A6DE20E00FEDB5A /* PBXContainerItemProxy */ = {
			isa = PBXContainerItemProxy;
			containerPortal = 789034571A6DE20E00FEDB5A /* Project object */;
			proxyType = 1;
			remoteGlobalIDString = 7890345E1A6DE20E00FEDB5A;
			remoteInfo = tipCalculator;
		};
/* End PBXContainerItemProxy section */

/* Begin PBXFileReference section */
		7890345F1A6DE20E00FEDB5A /* tipCalculator.app */ = {isa = PBXFileReference; explicitFileType = wrapper.application; includeInIndex = 0; path = tipCalculator.app; sourceTree = BUILT_PRODUCTS_DIR; };
		789034631A6DE20E00FEDB5A /* Info.plist */ = {isa = PBXFileReference; lastKnownFileType = text.plist.xml; path = Info.plist; sourceTree = "<group>"; };
		789034641A6DE20E00FEDB5A /* main.m */ = {isa = PBXFileReference; lastKnownFileType = sourcecode.c.objc; path = main.m; sourceTree = "<group>"; };
		789034661A6DE20E00FEDB5A /* AppDelegate.h */ = {isa = PBXFileReference; lastKnownFileType = sourcecode.c.h; path = AppDelegate.h; sourceTree = "<group>"; };
		789034671A6DE20E00FEDB5A /* AppDelegate.m */ = {isa = PBXFileReference; lastKnownFileType = sourcecode.c.objc; path = AppDelegate.m; sourceTree = "<group>"; };
		7890346D1A6DE20E00FEDB5A /* Base */ = {isa = PBXFileReference; lastKnownFileType = file.storyboard; name = Base; path = Base.lproj/Main.storyboard; sourceTree = "<group>"; };
		7890346F1A6DE20E00FEDB5A /* Images.xcassets */ = {isa = PBXFileReference; lastKnownFileType = folder.assetcatalog; path = Images.xcassets; sourceTree = "<group>"; };
		789034721A6DE20E00FEDB5A /* Base */ = {isa = PBXFileReference; lastKnownFileType = file.xib; name = Base; path = Base.lproj/LaunchScreen.xib; sourceTree = "<group>"; };
		789034781A6DE20E00FEDB5A /* tipCalculatorTests.xctest */ = {isa = PBXFileReference; explicitFileType = wrapper.cfbundle; includeInIndex = 0; path = tipCalculatorTests.xctest; sourceTree = BUILT_PRODUCTS_DIR; };
		7890347D1A6DE20E00FEDB5A /* Info.plist */ = {isa = PBXFileReference; lastKnownFileType = text.plist.xml; path = Info.plist; sourceTree = "<group>"; };
		7890347E1A6DE20E00FEDB5A /* tipCalculatorTests.m */ = {isa = PBXFileReference; lastKnownFileType = sourcecode.c.objc; path = tipCalculatorTests.m; sourceTree = "<group>"; };
		7890348B1A6E069700FEDB5A /* TipViewController.h */ = {isa = PBXFileReference; fileEncoding = 4; lastKnownFileType = sourcecode.c.h; path = TipViewController.h; sourceTree = "<group>"; };
		7890348C1A6E069700FEDB5A /* TipViewController.m */ = {isa = PBXFileReference; fileEncoding = 4; lastKnownFileType = sourcecode.c.objc; path = TipViewController.m; sourceTree = "<group>"; };
		7890348D1A6E069700FEDB5A /* TipViewController.xib */ = {isa = PBXFileReference; fileEncoding = 4; lastKnownFileType = file.xib; path = TipViewController.xib; sourceTree = "<group>"; };
		78E08E061A71B78700E48144 /* SettingsViewController.h */ = {isa = PBXFileReference; fileEncoding = 4; lastKnownFileType = sourcecode.c.h; path = SettingsViewController.h; sourceTree = "<group>"; };
		78E08E071A71B78700E48144 /* SettingsViewController.m */ = {isa = PBXFileReference; fileEncoding = 4; lastKnownFileType = sourcecode.c.objc; path = SettingsViewController.m; sourceTree = "<group>"; };
		78E08E081A71B78700E48144 /* SettingsViewController.xib */ = {isa = PBXFileReference; fileEncoding = 4; lastKnownFileType = file.xib; path = SettingsViewController.xib; sourceTree = "<group>"; };
/* End PBXFileReference section */

/* Begin PBXFrameworksBuildPhase section */
		7890345C1A6DE20E00FEDB5A /* Frameworks */ = {
			isa = PBXFrameworksBuildPhase;
			buildActionMask = 2147483647;
			files = (
			);
			runOnlyForDeploymentPostprocessing = 0;
		};
		789034751A6DE20E00FEDB5A /* Frameworks */ = {
			isa = PBXFrameworksBuildPhase;
			buildActionMask = 2147483647;
			files = (
			);
			runOnlyForDeploymentPostprocessing = 0;
		};
/* End PBXFrameworksBuildPhase section */

/* Begin PBXGroup section */
		789034561A6DE20E00FEDB5A = {
			isa = PBXGroup;
			children = (
				789034611A6DE20E00FEDB5A /* tipCalculator */,
				7890347B1A6DE20E00FEDB5A /* tipCalculatorTests */,
				789034601A6DE20E00FEDB5A /* Products */,
			);
			sourceTree = "<group>";
		};
		789034601A6DE20E00FEDB5A /* Products */ = {
			isa = PBXGroup;
			children = (
				7890345F1A6DE20E00FEDB5A /* tipCalculator.app */,
				789034781A6DE20E00FEDB5A /* tipCalculatorTests.xctest */,
			);
			name = Products;
			sourceTree = "<group>";
		};
		789034611A6DE20E00FEDB5A /* tipCalculator */ = {
			isa = PBXGroup;
			children = (
				789034661A6DE20E00FEDB5A /* AppDelegate.h */,
				789034671A6DE20E00FEDB5A /* AppDelegate.m */,
				7890346C1A6DE20E00FEDB5A /* Main.storyboard */,
				7890346F1A6DE20E00FEDB5A /* Images.xcassets */,
				789034711A6DE20E00FEDB5A /* LaunchScreen.xib */,
				789034621A6DE20E00FEDB5A /* Supporting Files */,
				7890348B1A6E069700FEDB5A /* TipViewController.h */,
				7890348C1A6E069700FEDB5A /* TipViewController.m */,
				7890348D1A6E069700FEDB5A /* TipViewController.xib */,
				78E08E061A71B78700E48144 /* SettingsViewController.h */,
				78E08E071A71B78700E48144 /* SettingsViewController.m */,
				78E08E081A71B78700E48144 /* SettingsViewController.xib */,
			);
			path = tipCalculator;
			sourceTree = "<group>";
		};
		789034621A6DE20E00FEDB5A /* Supporting Files */ = {
			isa = PBXGroup;
			children = (
				789034631A6DE20E00FEDB5A /* Info.plist */,
				789034641A6DE20E00FEDB5A /* main.m */,
			);
			name = "Supporting Files";
			sourceTree = "<group>";
		};
		7890347B1A6DE20E00FEDB5A /* tipCalculatorTests */ = {
			isa = PBXGroup;
			children = (
				7890347E1A6DE20E00FEDB5A /* tipCalculatorTests.m */,
				7890347C1A6DE20E00FEDB5A /* Supporting Files */,
			);
			path = tipCalculatorTests;
			sourceTree = "<group>";
		};
		7890347C1A6DE20E00FEDB5A /* Supporting Files */ = {
			isa = PBXGroup;
			children = (
				7890347D1A6DE20E00FEDB5A /* Info.plist */,
			);
			name = "Supporting Files";
			sourceTree = "<group>";
		};
/* End PBXGroup section */

/* Begin PBXNativeTarget section */
		7890345E1A6DE20E00FEDB5A /* tipCalculator */ = {
			isa = PBXNativeTarget;
			buildConfigurationList = 789034821A6DE20E00FEDB5A /* Build configuration list for PBXNativeTarget "tipCalculator" */;
			buildPhases = (
				7890345B1A6DE20E00FEDB5A /* Sources */,
				7890345C1A6DE20E00FEDB5A /* Frameworks */,
				7890345D1A6DE20E00FEDB5A /* Resources */,
			);
			buildRules = (
			);
			dependencies = (
			);
			name = tipCalculator;
			productName = tipCalculator;
			productReference = 7890345F1A6DE20E00FEDB5A /* tipCalculator.app */;
			productType = "com.apple.product-type.application";
		};
		789034771A6DE20E00FEDB5A /* tipCalculatorTests */ = {
			isa = PBXNativeTarget;
			buildConfigurationList = 789034851A6DE20E00FEDB5A /* Build configuration list for PBXNativeTarget "tipCalculatorTests" */;
			buildPhases = (
				789034741A6DE20E00FEDB5A /* Sources */,
				789034751A6DE20E00FEDB5A /* Frameworks */,
				789034761A6DE20E00FEDB5A /* Resources */,
			);
			buildRules = (
			);
			dependencies = (
				7890347A1A6DE20E00FEDB5A /* PBXTargetDependency */,
			);
			name = tipCalculatorTests;
			productName = tipCalculatorTests;
			productReference = 789034781A6DE20E00FEDB5A /* tipCalculatorTests.xctest */;
			productType = "com.apple.product-type.bundle.unit-test";
		};
/* End PBXNativeTarget section */

/* Begin PBXProject section */
		789034571A6DE20E00FEDB5A /* Project object */ = {
			isa = PBXProject;
			attributes = {
				LastUpgradeCheck = 0610;
				ORGANIZATIONNAME = "Yahoo!";
				TargetAttributes = {
					7890345E1A6DE20E00FEDB5A = {
						CreatedOnToolsVersion = 6.1.1;
					};
					789034771A6DE20E00FEDB5A = {
						CreatedOnToolsVersion = 6.1.1;
						TestTargetID = 7890345E1A6DE20E00FEDB5A;
					};
				};
			};
			buildConfigurationList = 7890345A1A6DE20E00FEDB5A /* Build configuration list for PBXProject "tipCalculator" */;
			compatibilityVersion = "Xcode 3.2";
			developmentRegion = English;
			hasScannedForEncodings = 0;
			knownRegions = (
				en,
				Base,
			);
			mainGroup = 789034561A6DE20E00FEDB5A;
			productRefGroup = 789034601A6DE20E00FEDB5A /* Products */;
			projectDirPath = "";
			projectRoot = "";
			targets = (
				7890345E1A6DE20E00FEDB5A /* tipCalculator */,
				789034771A6DE20E00FEDB5A /* tipCalculatorTests */,
			);
		};
/* End PBXProject section */

/* Begin PBXResourcesBuildPhase section */
		7890345D1A6DE20E00FEDB5A /* Resources */ = {
			isa = PBXResourcesBuildPhase;
			buildActionMask = 2147483647;
			files = (
				7890346E1A6DE20E00FEDB5A /* Main.storyboard in Resources */,
				789034731A6DE20E00FEDB5A /* LaunchScreen.xib in Resources */,
				7890348F1A6E069700FEDB5A /* TipViewController.xib in Resources */,
				789034701A6DE20E00FEDB5A /* Images.xcassets in Resources */,
				78E08E0A1A71B78700E48144 /* SettingsViewController.xib in Resources */,
			);
			runOnlyForDeploymentPostprocessing = 0;
		};
		789034761A6DE20E00FEDB5A /* Resources */ = {
			isa = PBXResourcesBuildPhase;
			buildActionMask = 2147483647;
			files = (
			);
			runOnlyForDeploymentPostprocessing = 0;
		};
/* End PBXResourcesBuildPhase section */

/* Begin PBXSourcesBuildPhase section */
		7890345B1A6DE20E00FEDB5A /* Sources */ = {
			isa = PBXSourcesBuildPhase;
			buildActionMask = 2147483647;
			files = (
				789034681A6DE20E00FEDB5A /* AppDelegate.m in Sources */,
				7890348E1A6E069700FEDB5A /* TipViewController.m in Sources */,
				789034651A6DE20E00FEDB5A /* main.m in Sources */,
				78E08E091A71B78700E48144 /* SettingsViewController.m in Sources */,
			);
			runOnlyForDeploymentPostprocessing = 0;
		};
		789034741A6DE20E00FEDB5A /* Sources */ = {
			isa = PBXSourcesBuildPhase;
			buildActionMask = 2147483647;
			files = (
				7890347F1A6DE20E00FEDB5A /* tipCalculatorTests.m in Sources */,
			);
			runOnlyForDeploymentPostprocessing = 0;
		};
/* End PBXSourcesBuildPhase section */

/* Begin PBXTargetDependency section */
		7890347A1A6DE20E00FEDB5A /* PBXTargetDependency */ = {
			isa = PBXTargetDependency;
			target = 7890345E1A6DE20E00FEDB5A /* tipCalculator */;
			targetProxy = 789034791A6DE20E00FEDB5A /* PBXContainerItemProxy */;
		};
/* End PBXTargetDependency section */

/* Begin PBXVariantGroup section */
		7890346C1A6DE20E00FEDB5A /* Main.storyboard */ = {
			isa = PBXVariantGroup;
			children = (
				7890346D1A6DE20E00FEDB5A /* Base */,
			);
			name = Main.storyboard;
			sourceTree = "<group>";
		};
		789034711A6DE20E00FEDB5A /* LaunchScreen.xib */ = {
			isa = PBXVariantGroup;
			children = (
				789034721A6DE20E00FEDB5A /* Base */,
			);
			name = LaunchScreen.xib;
			sourceTree = "<group>";
		};
/* End PBXVariantGroup section */

/* Begin XCBuildConfiguration section */
		789034801A6DE20E00FEDB5A /* Debug */ = {
			isa = XCBuildConfiguration;
			buildSettings = {
				ALWAYS_SEARCH_USER_PATHS = NO;
				CLANG_CXX_LANGUAGE_STANDARD = "gnu++0x";
				CLANG_CXX_LIBRARY = "libc++";
				CLANG_ENABLE_MODULES = YES;
				CLANG_ENABLE_OBJC_ARC = YES;
				CLANG_WARN_BOOL_CONVERSION = YES;
				CLANG_WARN_CONSTANT_CONVERSION = YES;
				CLANG_WARN_DIRECT_OBJC_ISA_USAGE = YES_ERROR;
				CLANG_WARN_EMPTY_BODY = YES;
				CLANG_WARN_ENUM_CONVERSION = YES;
				CLANG_WARN_INT_CONVERSION = YES;
				CLANG_WARN_OBJC_ROOT_CLASS = YES_ERROR;
				CLANG_WARN_UNREACHABLE_CODE = YES;
				CLANG_WARN__DUPLICATE_METHOD_MATCH = YES;
				"CODE_SIGN_IDENTITY[sdk=iphoneos*]" = "iPhone Developer";
				COPY_PHASE_STRIP = NO;
				ENABLE_STRICT_OBJC_MSGSEND = YES;
				GCC_C_LANGUAGE_STANDARD = gnu99;
				GCC_DYNAMIC_NO_PIC = NO;
				GCC_OPTIMIZATION_LEVEL = 0;
				GCC_PREPROCESSOR_DEFINITIONS = (
					"DEBUG=1",
					"$(inherited)",
				);
				GCC_SYMBOLS_PRIVATE_EXTERN = NO;
				GCC_WARN_64_TO_32_BIT_CONVERSION = YES;
				GCC_WARN_ABOUT_RETURN_TYPE = YES_ERROR;
				GCC_WARN_UNDECLARED_SELECTOR = YES;
				GCC_WARN_UNINITIALIZED_AUTOS = YES_AGGRESSIVE;
				GCC_WARN_UNUSED_FUNCTION = YES;
				GCC_WARN_UNUSED_VARIABLE = YES;
				IPHONEOS_DEPLOYMENT_TARGET = 8.1;
				MTL_ENABLE_DEBUG_INFO = YES;
				ONLY_ACTIVE_ARCH = YES;
				SDKROOT = iphoneos;
				TARGETED_DEVICE_FAMILY = "1,2";
			};
			name = Debug;
		};
		789034811A6DE20E00FEDB5A /* Release */ = {
			isa = XCBuildConfiguration;
			buildSettings = {
				ALWAYS_SEARCH_USER_PATHS = NO;
				CLANG_CXX_LANGUAGE_STANDARD = "gnu++0x";
				CLANG_CXX_LIBRARY = "libc++";
				CLANG_ENABLE_MODULES = YES;
				CLANG_ENABLE_OBJC_ARC = YES;
				CLANG_WARN_BOOL_CONVERSION = YES;
				CLANG_WARN_CONSTANT_CONVERSION = YES;
				CLANG_WARN_DIRECT_OBJC_ISA_USAGE = YES_ERROR;
				CLANG_WARN_EMPTY_BODY = YES;
				CLANG_WARN_ENUM_CONVERSION = YES;
				CLANG_WARN_INT_CONVERSION = YES;
				CLANG_WARN_OBJC_ROOT_CLASS = YES_ERROR;
				CLANG_WARN_UNREACHABLE_CODE = YES;
				CLANG_WARN__DUPLICATE_METHOD_MATCH = YES;
				"CODE_SIGN_IDENTITY[sdk=iphoneos*]" = "iPhone Developer";
				COPY_PHASE_STRIP = YES;
				ENABLE_NS_ASSERTIONS = NO;
				ENABLE_STRICT_OBJC_MSGSEND = YES;
				GCC_C_LANGUAGE_STANDARD = gnu99;
				GCC_WARN_64_TO_32_BIT_CONVERSION = YES;
				GCC_WARN_ABOUT_RETURN_TYPE = YES_ERROR;
				GCC_WARN_UNDECLARED_SELECTOR = YES;
				GCC_WARN_UNINITIALIZED_AUTOS = YES_AGGRESSIVE;
				GCC_WARN_UNUSED_FUNCTION = YES;
				GCC_WARN_UNUSED_VARIABLE = YES;
				IPHONEOS_DEPLOYMENT_TARGET = 8.1;
				MTL_ENABLE_DEBUG_INFO = NO;
				SDKROOT = iphoneos;
				TARGETED_DEVICE_FAMILY = "1,2";
				VALIDATE_PRODUCT = YES;
			};
			name = Release;
		};
		789034831A6DE20E00FEDB5A /* Debug */ = {
			isa = XCBuildConfiguration;
			buildSettings = {
				ASSETCATALOG_COMPILER_APPICON_NAME = AppIcon;
				INFOPLIST_FILE = tipCalculator/Info.plist;
				LD_RUNPATH_SEARCH_PATHS = "$(inherited) @executable_path/Frameworks";
				PRODUCT_NAME = "$(TARGET_NAME)";
			};
			name = Debug;
		};
		789034841A6DE20E00FEDB5A /* Release */ = {
			isa = XCBuildConfiguration;
			buildSettings = {
				ASSETCATALOG_COMPILER_APPICON_NAME = AppIcon;
				INFOPLIST_FILE = tipCalculator/Info.plist;
				LD_RUNPATH_SEARCH_PATHS = "$(inherited) @executable_path/Frameworks";
				PRODUCT_NAME = "$(TARGET_NAME)";
			};
			name = Release;
		};
		789034861A6DE20E00FEDB5A /* Debug */ = {
			isa = XCBuildConfiguration;
			buildSettings = {
				BUNDLE_LOADER = "$(TEST_HOST)";
				FRAMEWORK_SEARCH_PATHS = (
					"$(SDKROOT)/Developer/Library/Frameworks",
					"$(inherited)",
				);
				GCC_PREPROCESSOR_DEFINITIONS = (
					"DEBUG=1",
					"$(inherited)",
				);
				INFOPLIST_FILE = tipCalculatorTests/Info.plist;
				LD_RUNPATH_SEARCH_PATHS = "$(inherited) @executable_path/Frameworks @loader_path/Frameworks";
				PRODUCT_NAME = "$(TARGET_NAME)";
				TEST_HOST = "$(BUILT_PRODUCTS_DIR)/tipCalculator.app/tipCalculator";
			};
			name = Debug;
		};
		789034871A6DE20E00FEDB5A /* Release */ = {
			isa = XCBuildConfiguration;
			buildSettings = {
				BUNDLE_LOADER = "$(TEST_HOST)";
				FRAMEWORK_SEARCH_PATHS = (
					"$(SDKROOT)/Developer/Library/Frameworks",
					"$(inherited)",
				);
				INFOPLIST_FILE = tipCalculatorTests/Info.plist;
				LD_RUNPATH_SEARCH_PATHS = "$(inherited) @executable_path/Frameworks @loader_path/Frameworks";
				PRODUCT_NAME = "$(TARGET_NAME)";
				TEST_HOST = "$(BUILT_PRODUCTS_DIR)/tipCalculator.app/tipCalculator";
			};
			name = Release;
		};
/* End XCBuildConfiguration section */

/* Begin XCConfigurationList section */
		7890345A1A6DE20E00FEDB5A /* Build configuration list for PBXProject "tipCalculator" */ = {
			isa = XCConfigurationList;
			buildConfigurations = (
				789034801A6DE20E00FEDB5A /* Debug */,
				789034811A6DE20E00FEDB5A /* Release */,
			);
			defaultConfigurationIsVisible = 0;
			defaultConfigurationName = Release;
		};
		789034821A6DE20E00FEDB5A /* Build configuration list for PBXNativeTarget "tipCalculator" */ = {
			isa = XCConfigurationList;
			buildConfigurations = (
				789034831A6DE20E00FEDB5A /* Debug */,
				789034841A6DE20E00FEDB5A /* Release */,
			);
			defaultConfigurationIsVisible = 0;
			defaultConfigurationName = Release;
		};
		789034851A6DE20E00FEDB5A /* Build configuration list for PBXNativeTarget "tipCalculatorTests" */ = {
			isa = XCConfigurationList;
			buildConfigurations = (
				789034861A6DE20E00FEDB5A /* Debug */,
				789034871A6DE20E00FEDB5A /* Release */,
			);
			defaultConfigurationIsVisible = 0;
			defaultConfigurationName = Release;
		};
/* End XCConfigurationList section */
	};
	rootObject = 789034571A6DE20E00FEDB5A /* Project object */;
}
